
Microsoft Visual Studio Solution File, Format Version 12.00
# Visual Studio Version 16
VisualStudioVersion = 25.0.1705.6
MinimumVisualStudioVersion = 10.0.40219.1
Project("{FAE04EC0-301F-11D3-BF4B-00C04F79EFBC}") = "App", "App\App.csproj", "{782ED0AA-BAE7-42C8-823E-EB5E8EF2BDA6}"
EndProject
Project("{E53339B2-1760-4266-BCC7-CA923CBCF16C}") = "docker-compose", "docker-compose.dcproj", "{3D076DD2-5891-4B6D-8284-4A2300A77B43}"
EndProject
Global
	GlobalSection(SolutionConfigurationPlatforms) = preSolution
		Debug|Any CPU = Debug|Any CPU
		Release|Any CPU = Release|Any CPU
	EndGlobalSection
	GlobalSection(ProjectConfigurationPlatforms) = postSolution
		{782ED0AA-BAE7-42C8-823E-EB5E8EF2BDA6}.Debug|Any CPU.ActiveCfg = Debug|Any CPU
		{782ED0AA-BAE7-42C8-823E-EB5E8EF2BDA6}.Debug|Any CPU.Build.0 = Debug|Any CPU
		{782ED0AA-BAE7-42C8-823E-EB5E8EF2BDA6}.Release|Any CPU.ActiveCfg = Release|Any CPU
		{782ED0AA-BAE7-42C8-823E-EB5E8EF2BDA6}.Release|Any CPU.Build.0 = Release|Any CPU
		{40ED0F70-09E0-4AB0-956E-39C098DEED43}.Debug|Any CPU.ActiveCfg = Debug|Any CPU
		{40ED0F70-09E0-4AB0-956E-39C098DEED43}.Debug|Any CPU.Build.0 = Debug|Any CPU
		{40ED0F70-09E0-4AB0-956E-39C098DEED43}.Release|Any CPU.ActiveCfg = Release|Any CPU
		{40ED0F70-09E0-4AB0-956E-39C098DEED43}.Release|Any CPU.Build.0 = Release|Any CPU
		{3D076DD2-5891-4B6D-8284-4A2300A77B43}.Debug|Any CPU.ActiveCfg = Debug|Any CPU
		{3D076DD2-5891-4B6D-8284-4A2300A77B43}.Debug|Any CPU.Build.0 = Debug|Any CPU
		{3D076DD2-5891-4B6D-8284-4A2300A77B43}.Release|Any CPU.ActiveCfg = Release|Any CPU
		{3D076DD2-5891-4B6D-8284-4A2300A77B43}.Release|Any CPU.Build.0 = Release|Any CPU
	EndGlobalSection
	GlobalSection(SolutionProperties) = preSolution
		HideSolutionNode = FALSE
	EndGlobalSection
	GlobalSection(ExtensibilityGlobals) = postSolution
		SolutionGuid = {998F9C84-F575-4420-A447-C792AD410206}
	EndGlobalSection
EndGlobal
